
Microsoft Visual Studio Solution File, Format Version 12.00
# Visual Studio 15
Project("{FAE04EC0-301F-11D3-BF4B-00C04F79EFBC}") = "Assembly-CSharp", "Assembly-CSharp.csproj", "{B1B41272-D29A-1AD9-B65A-AE06FFC2C477}"
EndProject
Project("{FAE04EC0-301F-11D3-BF4B-00C04F79EFBC}") = "Assembly-CSharp-Editor", "Assembly-CSharp-Editor.csproj", "{94758369-26E6-9C7B-D6BF-986419A54C8D}"
EndProject
Global
	GlobalSection(SolutionConfigurationPlatforms) = preSolution
		Debug|Any CPU = Debug|Any CPU
		Release|Any CPU = Release|Any CPU
	EndGlobalSection
	GlobalSection(ProjectConfigurationPlatforms) = postSolution
		{B1B41272-D29A-1AD9-B65A-AE06FFC2C477}.Debug|Any CPU.ActiveCfg = Debug|Any CPU
		{B1B41272-D29A-1AD9-B65A-AE06FFC2C477}.Debug|Any CPU.Build.0 = Debug|Any CPU
		{B1B41272-D29A-1AD9-B65A-AE06FFC2C477}.Release|Any CPU.ActiveCfg = Release|Any CPU
		{B1B41272-D29A-1AD9-B65A-AE06FFC2C477}.Release|Any CPU.Build.0 = Release|Any CPU
		{94758369-26E6-9C7B-D6BF-986419A54C8D}.Debug|Any CPU.ActiveCfg = Debug|Any CPU
		{94758369-26E6-9C7B-D6BF-986419A54C8D}.Debug|Any CPU.Build.0 = Debug|Any CPU
		{94758369-26E6-9C7B-D6BF-986419A54C8D}.Release|Any CPU.ActiveCfg = Release|Any CPU
		{94758369-26E6-9C7B-D6BF-986419A54C8D}.Release|Any CPU.Build.0 = Release|Any CPU
	EndGlobalSection
	GlobalSection(SolutionProperties) = preSolution
		HideSolutionNode = FALSE
	EndGlobalSection
EndGlobal
